PODS:
  - Flutter (1.0.0)
  - screentheme (0.0.1):
    - Flutter

DEPENDENCIES:
  - Flutter (from `Pods/.symlinks/flutter/ios`)
  - screentheme (from `Pods/.symlinks/plugins/flutter-screen-theme-plugin/ios`)

EXTERNAL SOURCES:
  Flutter:
    :path: Pods/.symlinks/flutter/ios
  screentheme:
    :path: Pods/.symlinks/plugins/flutter-screen-theme-plugin/ios

SPEC CHECKSUMS:
  Flutter: 0e3d915762c693b495b44d77113d4970485de6ec
  screentheme: 793ba944a4784d243b2c9828098502ca08310f2d

PODFILE CHECKSUM: 0420ab312a523ae0eecfb1fc19ea51dd82cc17c7

COCOAPODS: 1.8.3
